
Microsoft Visual Studio Solution File, Format Version 12.00
# Visual Studio Version 16
VisualStudioVersion = 16.0.31402.337
MinimumVisualStudioVersion = 10.0.40219.1
Project("{FAE04EC0-301F-11D3-BF4B-00C04F79EFBC}") = "Entities", "Entities\Entities.csproj", "{62FDED06-D53F-4D33-BC0E-375588305811}"
EndProject
Project("{FAE04EC0-301F-11D3-BF4B-00C04F79EFBC}") = "DataAccess", "DataAccess\DataAccess.csproj", "{017BC3A9-968B-4A0E-98BD-55B869EBFB4F}"
EndProject
Project("{FAE04EC0-301F-11D3-BF4B-00C04F79EFBC}") = "Business", "Business\Business.csproj", "{0D47F7DB-F1B4-46CA-B011-2EC9FCC475F0}"
EndProject
Project("{FAE04EC0-301F-11D3-BF4B-00C04F79EFBC}") = "Core", "Core\Core.csproj", "{A39B2BFE-B1FC-4014-9AF1-57C9EF0E8AA2}"
EndProject
Project("{FAE04EC0-301F-11D3-BF4B-00C04F79EFBC}") = "WebAPI", "WebAPI\WebAPI.csproj", "{EC187B43-065D-4AB8-BCEC-FAFA675CC4AD}"
EndProject
Global
	GlobalSection(SolutionConfigurationPlatforms) = preSolution
		Debug|Any CPU = Debug|Any CPU
		Release|Any CPU = Release|Any CPU
	EndGlobalSection
	GlobalSection(ProjectConfigurationPlatforms) = postSolution
		{62FDED06-D53F-4D33-BC0E-375588305811}.Debug|Any CPU.ActiveCfg = Debug|Any CPU
		{62FDED06-D53F-4D33-BC0E-375588305811}.Debug|Any CPU.Build.0 = Debug|Any CPU
		{62FDED06-D53F-4D33-BC0E-375588305811}.Release|Any CPU.ActiveCfg = Release|Any CPU
		{62FDED06-D53F-4D33-BC0E-375588305811}.Release|Any CPU.Build.0 = Release|Any CPU
		{017BC3A9-968B-4A0E-98BD-55B869EBFB4F}.Debug|Any CPU.ActiveCfg = Debug|Any CPU
		{017BC3A9-968B-4A0E-98BD-55B869EBFB4F}.Debug|Any CPU.Build.0 = Debug|Any CPU
		{017BC3A9-968B-4A0E-98BD-55B869EBFB4F}.Release|Any CPU.ActiveCfg = Release|Any CPU
		{017BC3A9-968B-4A0E-98BD-55B869EBFB4F}.Release|Any CPU.Build.0 = Release|Any CPU
		{0D47F7DB-F1B4-46CA-B011-2EC9FCC475F0}.Debug|Any CPU.ActiveCfg = Debug|Any CPU
		{0D47F7DB-F1B4-46CA-B011-2EC9FCC475F0}.Debug|Any CPU.Build.0 = Debug|Any CPU
		{0D47F7DB-F1B4-46CA-B011-2EC9FCC475F0}.Release|Any CPU.ActiveCfg = Release|Any CPU
		{0D47F7DB-F1B4-46CA-B011-2EC9FCC475F0}.Release|Any CPU.Build.0 = Release|Any CPU
		{A39B2BFE-B1FC-4014-9AF1-57C9EF0E8AA2}.Debug|Any CPU.ActiveCfg = Debug|Any CPU
		{A39B2BFE-B1FC-4014-9AF1-57C9EF0E8AA2}.Debug|Any CPU.Build.0 = Debug|Any CPU
		{A39B2BFE-B1FC-4014-9AF1-57C9EF0E8AA2}.Release|Any CPU.ActiveCfg = Release|Any CPU
		{A39B2BFE-B1FC-4014-9AF1-57C9EF0E8AA2}.Release|Any CPU.Build.0 = Release|Any CPU
		{EC187B43-065D-4AB8-BCEC-FAFA675CC4AD}.Debug|Any CPU.ActiveCfg = Debug|Any CPU
		{EC187B43-065D-4AB8-BCEC-FAFA675CC4AD}.Debug|Any CPU.Build.0 = Debug|Any CPU
		{EC187B43-065D-4AB8-BCEC-FAFA675CC4AD}.Release|Any CPU.ActiveCfg = Release|Any CPU
		{EC187B43-065D-4AB8-BCEC-FAFA675CC4AD}.Release|Any CPU.Build.0 = Release|Any CPU
	EndGlobalSection
	GlobalSection(SolutionProperties) = preSolution
		HideSolutionNode = FALSE
	EndGlobalSection
	GlobalSection(ExtensibilityGlobals) = postSolution
		SolutionGuid = {7BF238C0-2C53-46A3-8031-C92B59DB0E17}
	EndGlobalSection
EndGlobal
