
Microsoft Visual Studio Solution File, Format Version 12.00
# Visual Studio Version 16
VisualStudioVersion = 16.0.31402.337
MinimumVisualStudioVersion = 10.0.40219.1
Project("{9A19103F-16F7-4668-BE54-9A1E7A4F7556}") = "Entities", "Entities\Entities.csproj", "{40D76418-FE6C-4667-8856-047306644308}"
EndProject
Project("{9A19103F-16F7-4668-BE54-9A1E7A4F7556}") = "DataAccess", "DataAccess\DataAccess.csproj", "{F0854807-7ABA-4A3F-8798-15E63B29D14B}"
EndProject
Project("{9A19103F-16F7-4668-BE54-9A1E7A4F7556}") = "Business", "Business\Business.csproj", "{9BC1AF05-E4BE-4924-8157-C963C0604C71}"
EndProject
Project("{9A19103F-16F7-4668-BE54-9A1E7A4F7556}") = "MvcWebUI", "MvcWebUI\MvcWebUI.csproj", "{C9BA4E9D-C4FB-4E68-A1FD-88A0B04EDE3D}"
EndProject
Project("{9A19103F-16F7-4668-BE54-9A1E7A4F7556}") = "WebAPI", "WebAPI\WebAPI.csproj", "{921E1B85-CE9D-4EF8-9600-3DACEF5A3DAD}"
EndProject
Project("{9A19103F-16F7-4668-BE54-9A1E7A4F7556}") = "Core", "Core\Core.csproj", "{9C515CDB-918D-4C15-8C1B-79EA609C3C2E}"
EndProject
Global
	GlobalSection(SolutionConfigurationPlatforms) = preSolution
		Debug|Any CPU = Debug|Any CPU
		Release|Any CPU = Release|Any CPU
	EndGlobalSection
	GlobalSection(ProjectConfigurationPlatforms) = postSolution
		{40D76418-FE6C-4667-8856-047306644308}.Debug|Any CPU.ActiveCfg = Debug|Any CPU
		{40D76418-FE6C-4667-8856-047306644308}.Debug|Any CPU.Build.0 = Debug|Any CPU
		{40D76418-FE6C-4667-8856-047306644308}.Release|Any CPU.ActiveCfg = Release|Any CPU
		{40D76418-FE6C-4667-8856-047306644308}.Release|Any CPU.Build.0 = Release|Any CPU
		{F0854807-7ABA-4A3F-8798-15E63B29D14B}.Debug|Any CPU.ActiveCfg = Debug|Any CPU
		{F0854807-7ABA-4A3F-8798-15E63B29D14B}.Debug|Any CPU.Build.0 = Debug|Any CPU
		{F0854807-7ABA-4A3F-8798-15E63B29D14B}.Release|Any CPU.ActiveCfg = Release|Any CPU
		{F0854807-7ABA-4A3F-8798-15E63B29D14B}.Release|Any CPU.Build.0 = Release|Any CPU
		{9BC1AF05-E4BE-4924-8157-C963C0604C71}.Debug|Any CPU.ActiveCfg = Debug|Any CPU
		{9BC1AF05-E4BE-4924-8157-C963C0604C71}.Debug|Any CPU.Build.0 = Debug|Any CPU
		{9BC1AF05-E4BE-4924-8157-C963C0604C71}.Release|Any CPU.ActiveCfg = Release|Any CPU
		{9BC1AF05-E4BE-4924-8157-C963C0604C71}.Release|Any CPU.Build.0 = Release|Any CPU
		{C9BA4E9D-C4FB-4E68-A1FD-88A0B04EDE3D}.Debug|Any CPU.ActiveCfg = Debug|Any CPU
		{C9BA4E9D-C4FB-4E68-A1FD-88A0B04EDE3D}.Debug|Any CPU.Build.0 = Debug|Any CPU
		{C9BA4E9D-C4FB-4E68-A1FD-88A0B04EDE3D}.Release|Any CPU.ActiveCfg = Release|Any CPU
		{C9BA4E9D-C4FB-4E68-A1FD-88A0B04EDE3D}.Release|Any CPU.Build.0 = Release|Any CPU
		{921E1B85-CE9D-4EF8-9600-3DACEF5A3DAD}.Debug|Any CPU.ActiveCfg = Debug|Any CPU
		{921E1B85-CE9D-4EF8-9600-3DACEF5A3DAD}.Debug|Any CPU.Build.0 = Debug|Any CPU
		{921E1B85-CE9D-4EF8-9600-3DACEF5A3DAD}.Release|Any CPU.ActiveCfg = Release|Any CPU
		{921E1B85-CE9D-4EF8-9600-3DACEF5A3DAD}.Release|Any CPU.Build.0 = Release|Any CPU
		{9C515CDB-918D-4C15-8C1B-79EA609C3C2E}.Debug|Any CPU.ActiveCfg = Debug|Any CPU
		{9C515CDB-918D-4C15-8C1B-79EA609C3C2E}.Debug|Any CPU.Build.0 = Debug|Any CPU
		{9C515CDB-918D-4C15-8C1B-79EA609C3C2E}.Release|Any CPU.ActiveCfg = Release|Any CPU
		{9C515CDB-918D-4C15-8C1B-79EA609C3C2E}.Release|Any CPU.Build.0 = Release|Any CPU
	EndGlobalSection
	GlobalSection(SolutionProperties) = preSolution
		HideSolutionNode = FALSE
	EndGlobalSection
	GlobalSection(ExtensibilityGlobals) = postSolution
		SolutionGuid = {1C6E5345-F9BB-4947-9320-12268F10CAFB}
	EndGlobalSection
EndGlobal
